
Microsoft Visual Studio Solution File, Format Version 12.00
# Visual Studio 14
VisualStudioVersion = 14.0.25420.1
MinimumVisualStudioVersion = 10.0.40219.1
Project("{FAE04EC0-301F-11D3-BF4B-00C04F79EFBC}") = "GUI", "GUI\GUI.csproj", "{14FDEC1B-7457-4941-89F8-EFEBC0866CF1}"
EndProject
Project("{FAE04EC0-301F-11D3-BF4B-00C04F79EFBC}") = "DTO", "DTO\DTO.csproj", "{E79935EF-2A95-4E5D-981A-26C1B125FC70}"
EndProject
Project("{FAE04EC0-301F-11D3-BF4B-00C04F79EFBC}") = "DAL", "DAL\DAL.csproj", "{86751543-D02F-4629-BF68-67A36DFCF2C9}"
EndProject
Project("{FAE04EC0-301F-11D3-BF4B-00C04F79EFBC}") = "BLL", "BLL\BLL.csproj", "{9096E080-E196-42D6-BC98-B2C4A5710987}"
EndProject
Project("{2150E333-8FDC-42A3-9474-1A3956D46DE8}") = "sqldata", "sqldata", "{726ED468-9DDE-45A2-9399-BDCF4E41FB07}"
	ProjectSection(SolutionItems) = preProject
		C:\Users\maiqu\Desktop\Bin\CSDL_QLBH.mdf = C:\Users\maiqu\Desktop\Bin\CSDL_QLBH.mdf
		C:\Users\maiqu\Desktop\Bin\CSDL_QLBH_log.ldf = C:\Users\maiqu\Desktop\Bin\CSDL_QLBH_log.ldf
	EndProjectSection
EndProject
Global
	GlobalSection(SolutionConfigurationPlatforms) = preSolution
		Debug|Any CPU = Debug|Any CPU
		Release|Any CPU = Release|Any CPU
	EndGlobalSection
	GlobalSection(ProjectConfigurationPlatforms) = postSolution
		{14FDEC1B-7457-4941-89F8-EFEBC0866CF1}.Debug|Any CPU.ActiveCfg = Debug|Any CPU
		{14FDEC1B-7457-4941-89F8-EFEBC0866CF1}.Debug|Any CPU.Build.0 = Debug|Any CPU
		{14FDEC1B-7457-4941-89F8-EFEBC0866CF1}.Release|Any CPU.ActiveCfg = Release|Any CPU
		{14FDEC1B-7457-4941-89F8-EFEBC0866CF1}.Release|Any CPU.Build.0 = Release|Any CPU
		{E79935EF-2A95-4E5D-981A-26C1B125FC70}.Debug|Any CPU.ActiveCfg = Debug|Any CPU
		{E79935EF-2A95-4E5D-981A-26C1B125FC70}.Debug|Any CPU.Build.0 = Debug|Any CPU
		{E79935EF-2A95-4E5D-981A-26C1B125FC70}.Release|Any CPU.ActiveCfg = Release|Any CPU
		{E79935EF-2A95-4E5D-981A-26C1B125FC70}.Release|Any CPU.Build.0 = Release|Any CPU
		{86751543-D02F-4629-BF68-67A36DFCF2C9}.Debug|Any CPU.ActiveCfg = Debug|Any CPU
		{86751543-D02F-4629-BF68-67A36DFCF2C9}.Debug|Any CPU.Build.0 = Debug|Any CPU
		{86751543-D02F-4629-BF68-67A36DFCF2C9}.Release|Any CPU.ActiveCfg = Release|Any CPU
		{86751543-D02F-4629-BF68-67A36DFCF2C9}.Release|Any CPU.Build.0 = Release|Any CPU
		{9096E080-E196-42D6-BC98-B2C4A5710987}.Debug|Any CPU.ActiveCfg = Debug|Any CPU
		{9096E080-E196-42D6-BC98-B2C4A5710987}.Debug|Any CPU.Build.0 = Debug|Any CPU
		{9096E080-E196-42D6-BC98-B2C4A5710987}.Release|Any CPU.ActiveCfg = Release|Any CPU
		{9096E080-E196-42D6-BC98-B2C4A5710987}.Release|Any CPU.Build.0 = Release|Any CPU
	EndGlobalSection
	GlobalSection(SolutionProperties) = preSolution
		HideSolutionNode = FALSE
	EndGlobalSection
EndGlobal
